get_data:
  cmd: python get_data.py
  deps:
  - path: get_data.py
    md5: 1db5f442403042e0403c75132fe59af4
    size: 498
  outs:
  - path: data_raw.csv
    md5: a6aec8da63a5fa2619af025a76746f29
    size: 68868
process:
  cmd: python process_data.py
  deps:
  - path: data_raw.csv
    md5: a6aec8da63a5fa2619af025a76746f29
    size: 68868
  - path: process_data.py
    md5: 79b357c12f171f3d07c76780815b651c
    size: 900
  outs:
  - path: data_processed.csv
    md5: 3b20a3a6ac0570f3de28b77d1e88f932
    size: 24521
train:
  cmd: python train.py
  deps:
  - path: data_processed.csv
    md5: 3b20a3a6ac0570f3de28b77d1e88f932
    size: 24521
  - path: train.py
    md5: 15012be93f1f68f736746e66e60ef43b
    size: 1471
  outs:
  - path: by_region.png
    md5: 074164cddbaa598da6f88cbecc138648
    size: 7818
  - path: metrics.json
    md5: e9e8d0172c8c975bcce46e18a02ba766
    size: 90
